// !$*UTF8*$!
{
	archiveVersion = 1;
	classes = {
	};
	objectVersion = 70;
	objects = {

/* Begin PBXBuildFile section */
		775C9F9F2F2A445A00849465 /* SQLiteKit in Frameworks */ = {isa = PBXBuildFile; productRef = 775C9F9E2F2A445A00849465 /* SQLiteKit */; };
		775CA7AA2F2A4A5300849465 /* libSQLite.dylib in Frameworks */ = {isa = PBXBuildFile; fileRef = 775C9F6D2F2A42FB00849465 /* libSQLite.dylib */; };
		775CA7AB2F2A4A5300849465 /* libSQLite.dylib in Embed Libraries */ = {isa = PBXBuildFile; fileRef = 775C9F6D2F2A42FB00849465 /* libSQLite.dylib */; settings = {ATTRIBUTES = (CodeSignOnCopy, ); }; };
		775CA8472F2A4BE900849465 /* SQLKit in Frameworks */ = {isa = PBXBuildFile; productRef = 775CA8462F2A4BE900849465 /* SQLKit */; };
/* End PBXBuildFile section */

/* Begin PBXContainerItemProxy section */
		77INDEX062F2A700000000004 /* PBXContainerItemProxy */ = {
			isa = PBXContainerItemProxy;
			containerPortal = 86DE4CF525ABAAAA00AEA5A5 /* Project object */;
			proxyType = 1;
			remoteGlobalIDString = 775C9F6C2F2A42FB00849465;
			remoteInfo = SQLite;
		};
/* End PBXContainerItemProxy section */

/* Begin PBXCopyFilesBuildPhase section */
		775CA7AE2F2A4A5300849465 /* Embed Libraries */ = {
			isa = PBXCopyFilesBuildPhase;
			buildActionMask = 2147483647;
			dstPath = "";
			dstSubfolderSpec = 10;
			files = (
				775CA7AB2F2A4A5300849465 /* libSQLite.dylib in Embed Libraries */,
			);
			name = "Embed Libraries";
			runOnlyForDeploymentPostprocessing = 0;
		};
/* End PBXCopyFilesBuildPhase section */

/* Begin PBXFileReference section */
		775C9F6D2F2A42FB00849465 /* libSQLite.dylib */ = {isa = PBXFileReference; explicitFileType = "compiled.mach-o.dylib"; includeInIndex = 0; path = libSQLite.dylib; sourceTree = BUILT_PRODUCTS_DIR; };
		86DE4CFD25ABAAAA00AEA5A5 /* Index.app */ = {isa = PBXFileReference; explicitFileType = wrapper.application; includeInIndex = 0; path = Index.app; sourceTree = BUILT_PRODUCTS_DIR; };
/* End PBXFileReference section */

/* Begin PBXFileSystemSynchronizedBuildFileExceptionSet section */
		77SYNC0012F2A500000000001 /* PBXFileSystemSynchronizedBuildFileExceptionSet */ = {
			isa = PBXFileSystemSynchronizedBuildFileExceptionSet;
			membershipExceptions = (
				"Supporting Files/Info.plist",
			);
			target = 86DE4CFC25ABAAAA00AEA5A5 /* Index */;
		};
/* End PBXFileSystemSynchronizedBuildFileExceptionSet section */

/* Begin PBXFileSystemSynchronizedRootGroup section */
		775C9F6E2F2A42FB00849465 /* SQLite */ = {isa = PBXFileSystemSynchronizedRootGroup; explicitFileTypes = {}; explicitFolders = (); path = SQLite; sourceTree = "<group>"; };
		775CA8422F2A4BAC00849465 /* Resources */ = {isa = PBXFileSystemSynchronizedRootGroup; explicitFileTypes = {}; explicitFolders = (); path = Resources; sourceTree = "<group>"; };
		77SYNC0002F2A500000000000 /* Index */ = {isa = PBXFileSystemSynchronizedRootGroup; exceptions = (77SYNC0012F2A500000000001 /* PBXFileSystemSynchronizedBuildFileExceptionSet */, ); explicitFileTypes = {}; explicitFolders = (); path = Index; sourceTree = "<group>"; };
/* End PBXFileSystemSynchronizedRootGroup section */

/* Begin PBXFrameworksBuildPhase section */
		775C9F6B2F2A42FB00849465 /* Frameworks */ = {
			isa = PBXFrameworksBuildPhase;
			buildActionMask = 2147483647;
			files = (
				775CA8472F2A4BE900849465 /* SQLKit in Frameworks */,
				775C9F9F2F2A445A00849465 /* SQLiteKit in Frameworks */,
			);
			runOnlyForDeploymentPostprocessing = 0;
		};
		86DE4CFA25ABAAAA00AEA5A5 /* Frameworks */ = {
			isa = PBXFrameworksBuildPhase;
			buildActionMask = 2147483647;
			files = (
				775CA7AA2F2A4A5300849465 /* libSQLite.dylib in Frameworks */,
			);
			runOnlyForDeploymentPostprocessing = 0;
		};
/* End PBXFrameworksBuildPhase section */

/* Begin PBXGroup section */
		77443B3F2CE7249800B11F4D /* Frameworks */ = {
			isa = PBXGroup;
			children = (
			);
			name = Frameworks;
			sourceTree = "<group>";
		};
		86DE4CF425ABAAAA00AEA5A5 = {
			isa = PBXGroup;
			children = (
				77SYNC0002F2A500000000000 /* Index */,
				775CA8422F2A4BAC00849465 /* Resources */,
				775C9F6E2F2A42FB00849465 /* SQLite */,
				77443B3F2CE7249800B11F4D /* Frameworks */,
				86DE4CFE25ABAAAA00AEA5A5 /* Products */,
			);
			sourceTree = "<group>";
		};
		86DE4CFE25ABAAAA00AEA5A5 /* Products */ = {
			isa = PBXGroup;
			children = (
				86DE4CFD25ABAAAA00AEA5A5 /* Index.app */,
				775C9F6D2F2A42FB00849465 /* libSQLite.dylib */,
			);
			name = Products;
			sourceTree = "<group>";
		};
/* End PBXGroup section */

/* Begin PBXHeadersBuildPhase section */
		775C9F692F2A42FB00849465 /* Headers */ = {
			isa = PBXHeadersBuildPhase;
			buildActionMask = 2147483647;
			files = (
			);
			runOnlyForDeploymentPostprocessing = 0;
		};
/* End PBXHeadersBuildPhase section */

/* Begin PBXNativeTarget section */
		775C9F6C2F2A42FB00849465 /* SQLite */ = {
			isa = PBXNativeTarget;
			buildConfigurationList = 775C9F732F2A42FB00849465 /* Build configuration list for PBXNativeTarget "SQLite" */;
			buildPhases = (
				775C9F692F2A42FB00849465 /* Headers */,
				775C9F6A2F2A42FB00849465 /* Sources */,
				775C9F6B2F2A42FB00849465 /* Frameworks */,
			);
			buildRules = (
			);
			dependencies = (
			);
			fileSystemSynchronizedGroups = (
				775C9F6E2F2A42FB00849465 /* SQLite */,
			);
			name = SQLite;
			packageProductDependencies = (
				775C9F9E2F2A445A00849465 /* SQLiteKit */,
				775CA8462F2A4BE900849465 /* SQLKit */,
			);
			productName = SQLite;
			productReference = 775C9F6D2F2A42FB00849465 /* libSQLite.dylib */;
			productType = "com.apple.product-type.library.dynamic";
		};
		86DE4CFC25ABAAAA00AEA5A5 /* Index */ = {
			isa = PBXNativeTarget;
			buildConfigurationList = 86DE4D0D25ABAAAC00AEA5A5 /* Build configuration list for PBXNativeTarget "Index" */;
			buildPhases = (
				86DE4CF925ABAAAA00AEA5A5 /* Sources */,
				86DE4CFA25ABAAAA00AEA5A5 /* Frameworks */,
				86DE4CFB25ABAAAA00AEA5A5 /* Resources */,
				775CA7AE2F2A4A5300849465 /* Embed Libraries */,
			);
			buildRules = (
			);
			dependencies = (
				77INDEX052F2A700000000003 /* PBXTargetDependency */,
			);
			fileSystemSynchronizedGroups = (
				775C9F6E2F2A42FB00849465 /* SQLite */,
				775CA8422F2A4BAC00849465 /* Resources */,
				77SYNC0002F2A500000000000 /* Index */,
			);
			name = Index;
			packageProductDependencies = (
			);
			productName = Finder;
			productReference = 86DE4CFD25ABAAAA00AEA5A5 /* Index.app */;
			productType = "com.apple.product-type.application";
		};
/* End PBXNativeTarget section */

/* Begin PBXProject section */
		86DE4CF525ABAAAA00AEA5A5 /* Project object */ = {
			isa = PBXProject;
			attributes = {
				BuildIndependentTargetsInParallel = YES;
				LastSwiftUpdateCheck = 1610;
				LastUpgradeCheck = 2620;
				TargetAttributes = {
					775C9F6C2F2A42FB00849465 = {
						CreatedOnToolsVersion = 26.2;
					};
					86DE4CFC25ABAAAA00AEA5A5 = {
						CreatedOnToolsVersion = 12.3;
					};
				};
			};
			buildConfigurationList = 86DE4CF825ABAAAA00AEA5A5 /* Build configuration list for PBXProject "Index" */;
			compatibilityVersion = "Xcode 9.3";
			developmentRegion = en;
			hasScannedForEncodings = 0;
			knownRegions = (
				en,
				Base,
			);
			mainGroup = 86DE4CF425ABAAAA00AEA5A5;
			packageReferences = (
				775C9F972F2A434F00849465 /* XCRemoteSwiftPackageReference "sql-kit" */,
				775C9F9D2F2A445A00849465 /* XCRemoteSwiftPackageReference "sqlite-kit" */,
			);
			productRefGroup = 86DE4CFE25ABAAAA00AEA5A5 /* Products */;
			projectDirPath = "";
			projectRoot = "";
			targets = (
				86DE4CFC25ABAAAA00AEA5A5 /* Index */,
				775C9F6C2F2A42FB00849465 /* SQLite */,
			);
		};
/* End PBXProject section */

/* Begin PBXResourcesBuildPhase section */
		86DE4CFB25ABAAAA00AEA5A5 /* Resources */ = {
			isa = PBXResourcesBuildPhase;
			buildActionMask = 2147483647;
			files = (
			);
			runOnlyForDeploymentPostprocessing = 0;
		};
/* End PBXResourcesBuildPhase section */

/* Begin PBXSourcesBuildPhase section */
		775C9F6A2F2A42FB00849465 /* Sources */ = {
			isa = PBXSourcesBuildPhase;
			buildActionMask = 2147483647;
			files = (
			);
			runOnlyForDeploymentPostprocessing = 0;
		};
		86DE4CF925ABAAAA00AEA5A5 /* Sources */ = {
			isa = PBXSourcesBuildPhase;
			buildActionMask = 2147483647;
			files = (
			);
			runOnlyForDeploymentPostprocessing = 0;
		};
/* End PBXSourcesBuildPhase section */

/* Begin PBXTargetDependency section */
		77INDEX052F2A700000000003 /* PBXTargetDependency */ = {
			isa = PBXTargetDependency;
			target = 775C9F6C2F2A42FB00849465 /* SQLite */;
			targetProxy = 77INDEX062F2A700000000004 /* PBXContainerItemProxy */;
		};
/* End PBXTargetDependency section */

/* Begin XCBuildConfiguration section */
		775C9F742F2A42FB00849465 /* Debug */ = {
			isa = XCBuildConfiguration;
			buildSettings = {
				CLANG_CXX_LANGUAGE_STANDARD = "gnu++20";
				CODE_SIGN_STYLE = Automatic;
				DEVELOPMENT_TEAM = ZTW69M5NDR;
				DYLIB_COMPATIBILITY_VERSION = 1;
				DYLIB_CURRENT_VERSION = 1;
				EXECUTABLE_PREFIX = lib;
				GCC_C_LANGUAGE_STANDARD = gnu17;
				LOCALIZATION_PREFERS_STRING_CATALOGS = YES;
				MACOSX_DEPLOYMENT_TARGET = 14.6;
				PRODUCT_NAME = "$(TARGET_NAME)";
				SKIP_INSTALL = YES;
			};
			name = Debug;
		};
		775C9F752F2A42FB00849465 /* Release */ = {
			isa = XCBuildConfiguration;
			buildSettings = {
				CLANG_CXX_LANGUAGE_STANDARD = "gnu++20";
				CODE_SIGN_STYLE = Automatic;
				DEVELOPMENT_TEAM = ZTW69M5NDR;
				DYLIB_COMPATIBILITY_VERSION = 1;
				DYLIB_CURRENT_VERSION = 1;
				EXECUTABLE_PREFIX = lib;
				GCC_C_LANGUAGE_STANDARD = gnu17;
				LOCALIZATION_PREFERS_STRING_CATALOGS = YES;
				MACOSX_DEPLOYMENT_TARGET = 14.6;
				PRODUCT_NAME = "$(TARGET_NAME)";
				SKIP_INSTALL = YES;
			};
			name = Release;
		};
		86DE4D0B25ABAAAC00AEA5A5 /* Debug */ = {
			isa = XCBuildConfiguration;
			buildSettings = {
				ALWAYS_SEARCH_USER_PATHS = NO;
				ASSETCATALOG_COMPILER_GENERATE_SWIFT_ASSET_SYMBOL_EXTENSIONS = YES;
				CLANG_ANALYZER_NONNULL = YES;
				CLANG_ANALYZER_NUMBER_OBJECT_CONVERSION = YES_AGGRESSIVE;
				CLANG_CXX_LANGUAGE_STANDARD = "gnu++14";
				CLANG_CXX_LIBRARY = "libc++";
				CLANG_ENABLE_MODULES = YES;
				CLANG_ENABLE_OBJC_ARC = YES;
				CLANG_ENABLE_OBJC_WEAK = YES;
				CLANG_WARN_BLOCK_CAPTURE_AUTORELEASING = YES;
				CLANG_WARN_BOOL_CONVERSION = YES;
				CLANG_WARN_COMMA = YES;
				CLANG_WARN_CONSTANT_CONVERSION = YES;
				CLANG_WARN_DEPRECATED_OBJC_IMPLEMENTATIONS = YES;
				CLANG_WARN_DIRECT_OBJC_ISA_USAGE = YES_ERROR;
				CLANG_WARN_DOCUMENTATION_COMMENTS = YES;
				CLANG_WARN_EMPTY_BODY = YES;
				CLANG_WARN_ENUM_CONVERSION = YES;
				CLANG_WARN_INFINITE_RECURSION = YES;
				CLANG_WARN_INT_CONVERSION = YES;
				CLANG_WARN_NON_LITERAL_NULL_CONVERSION = YES;
				CLANG_WARN_OBJC_IMPLICIT_RETAIN_SELF = YES;
				CLANG_WARN_OBJC_LITERAL_CONVERSION = YES;
				CLANG_WARN_OBJC_ROOT_CLASS = YES_ERROR;
				CLANG_WARN_QUOTED_INCLUDE_IN_FRAMEWORK_HEADER = YES;
				CLANG_WARN_RANGE_LOOP_ANALYSIS = YES;
				CLANG_WARN_STRICT_PROTOTYPES = YES;
				CLANG_WARN_SUSPICIOUS_MOVE = YES;
				CLANG_WARN_UNGUARDED_AVAILABILITY = YES_AGGRESSIVE;
				CLANG_WARN_UNREACHABLE_CODE = YES;
				CLANG_WARN__DUPLICATE_METHOD_MATCH = YES;
				COPY_PHASE_STRIP = NO;
				DEAD_CODE_STRIPPING = YES;
				DEBUG_INFORMATION_FORMAT = dwarf;
				ENABLE_STRICT_OBJC_MSGSEND = YES;
				ENABLE_TESTABILITY = YES;
				ENABLE_TESTING_SEARCH_PATHS = NO;
				ENABLE_USER_SCRIPT_SANDBOXING = YES;
				GCC_C_LANGUAGE_STANDARD = gnu11;
				GCC_DYNAMIC_NO_PIC = NO;
				GCC_NO_COMMON_BLOCKS = YES;
				GCC_OPTIMIZATION_LEVEL = 0;
				GCC_PREPROCESSOR_DEFINITIONS = (
					"DEBUG=1",
					"$(inherited)",
				);
				GCC_WARN_64_TO_32_BIT_CONVERSION = YES;
				GCC_WARN_ABOUT_RETURN_TYPE = YES_ERROR;
				GCC_WARN_UNDECLARED_SELECTOR = YES;
				GCC_WARN_UNINITIALIZED_AUTOS = YES_AGGRESSIVE;
				GCC_WARN_UNUSED_FUNCTION = YES;
				GCC_WARN_UNUSED_VARIABLE = YES;
				MACOSX_DEPLOYMENT_TARGET = 11.1;
				MTL_ENABLE_DEBUG_INFO = INCLUDE_SOURCE;
				MTL_FAST_MATH = YES;
				ONLY_ACTIVE_ARCH = YES;
				SDKROOT = macosx;
				STRING_CATALOG_GENERATE_SYMBOLS = YES;
				SWIFT_ACTIVE_COMPILATION_CONDITIONS = DEBUG;
				SWIFT_OPTIMIZATION_LEVEL = "-Onone";
				SWIFT_VERSION = 6.0;
			};
			name = Debug;
		};
		86DE4D0C25ABAAAC00AEA5A5 /* Release */ = {
			isa = XCBuildConfiguration;
			buildSettings = {
				ALWAYS_SEARCH_USER_PATHS = NO;
				ASSETCATALOG_COMPILER_GENERATE_SWIFT_ASSET_SYMBOL_EXTENSIONS = YES;
				CLANG_ANALYZER_NONNULL = YES;
				CLANG_ANALYZER_NUMBER_OBJECT_CONVERSION = YES_AGGRESSIVE;
				CLANG_CXX_LANGUAGE_STANDARD = "gnu++14";
				CLANG_CXX_LIBRARY = "libc++";
				CLANG_ENABLE_MODULES = YES;
				CLANG_ENABLE_OBJC_ARC = YES;
				CLANG_ENABLE_OBJC_WEAK = YES;
				CLANG_WARN_BLOCK_CAPTURE_AUTORELEASING = YES;
				CLANG_WARN_BOOL_CONVERSION = YES;
				CLANG_WARN_COMMA = YES;
				CLANG_WARN_CONSTANT_CONVERSION = YES;
				CLANG_WARN_DEPRECATED_OBJC_IMPLEMENTATIONS = YES;
				CLANG_WARN_DIRECT_OBJC_ISA_USAGE = YES_ERROR;
				CLANG_WARN_DOCUMENTATION_COMMENTS = YES;
				CLANG_WARN_EMPTY_BODY = YES;
				CLANG_WARN_ENUM_CONVERSION = YES;
				CLANG_WARN_INFINITE_RECURSION = YES;
				CLANG_WARN_INT_CONVERSION = YES;
				CLANG_WARN_NON_LITERAL_NULL_CONVERSION = YES;
				CLANG_WARN_OBJC_IMPLICIT_RETAIN_SELF = YES;
				CLANG_WARN_OBJC_LITERAL_CONVERSION = YES;
				CLANG_WARN_OBJC_ROOT_CLASS = YES_ERROR;
				CLANG_WARN_QUOTED_INCLUDE_IN_FRAMEWORK_HEADER = YES;
				CLANG_WARN_RANGE_LOOP_ANALYSIS = YES;
				CLANG_WARN_STRICT_PROTOTYPES = YES;
				CLANG_WARN_SUSPICIOUS_MOVE = YES;
				CLANG_WARN_UNGUARDED_AVAILABILITY = YES_AGGRESSIVE;
				CLANG_WARN_UNREACHABLE_CODE = YES;
				CLANG_WARN__DUPLICATE_METHOD_MATCH = YES;
				COPY_PHASE_STRIP = NO;
				DEAD_CODE_STRIPPING = YES;
				DEBUG_INFORMATION_FORMAT = "dwarf-with-dsym";
				ENABLE_NS_ASSERTIONS = NO;
				ENABLE_STRICT_OBJC_MSGSEND = YES;
				ENABLE_TESTING_SEARCH_PATHS = NO;
				ENABLE_USER_SCRIPT_SANDBOXING = YES;
				GCC_C_LANGUAGE_STANDARD = gnu11;
				GCC_NO_COMMON_BLOCKS = YES;
				GCC_WARN_64_TO_32_BIT_CONVERSION = YES;
				GCC_WARN_ABOUT_RETURN_TYPE = YES_ERROR;
				GCC_WARN_UNDECLARED_SELECTOR = YES;
				GCC_WARN_UNINITIALIZED_AUTOS = YES_AGGRESSIVE;
				GCC_WARN_UNUSED_FUNCTION = YES;
				GCC_WARN_UNUSED_VARIABLE = YES;
				MACOSX_DEPLOYMENT_TARGET = 11.1;
				MTL_ENABLE_DEBUG_INFO = NO;
				MTL_FAST_MATH = YES;
				SDKROOT = macosx;
				STRING_CATALOG_GENERATE_SYMBOLS = YES;
				SWIFT_COMPILATION_MODE = wholemodule;
				SWIFT_OPTIMIZATION_LEVEL = "-O";
				SWIFT_VERSION = 6.0;
			};
			name = Release;
		};
		86DE4D0E25ABAAAC00AEA5A5 /* Debug */ = {
			isa = XCBuildConfiguration;
			buildSettings = {
				ASSETCATALOG_COMPILER_APPICON_NAME = Index;
				ASSETCATALOG_COMPILER_GLOBAL_ACCENT_COLOR_NAME = AccentColor;
				ASSETCATALOG_COMPILER_INCLUDE_ALL_APPICON_ASSETS = NO;
				CODE_SIGN_ENTITLEMENTS = "Index/Supporting Files/Index.entitlements";
				"CODE_SIGN_IDENTITY[sdk=macosx*]" = "-";
				CODE_SIGN_STYLE = Automatic;
				COMBINE_HIDPI_IMAGES = YES;
				CURRENT_PROJECT_VERSION = 1;
				DEAD_CODE_STRIPPING = YES;
				DEVELOPMENT_ASSET_PATHS = "\"Index/Preview Content\"";
				DEVELOPMENT_TEAM = "";
				ENABLE_APP_SANDBOX = YES;
				ENABLE_PREVIEWS = YES;
				ENABLE_USER_SELECTED_FILES = readwrite;
				INFOPLIST_FILE = "Index/Supporting Files/Info.plist";
				INFOPLIST_KEY_CFBundleDisplayName = Index;
				INFOPLIST_KEY_LSApplicationCategoryType = "public.app-category.developer-tools";
				LD_RUNPATH_SEARCH_PATHS = (
					"$(inherited)",
					"@executable_path/../Frameworks",
				);
				MACOSX_DEPLOYMENT_TARGET = 14.6;
				MARKETING_VERSION = 0.4;
				PRODUCT_BUNDLE_IDENTIFIER = app.index.Index;
				PRODUCT_NAME = "$(TARGET_NAME)";
				SWIFT_VERSION = 5.0;
			};
			name = Debug;
		};
		86DE4D0F25ABAAAC00AEA5A5 /* Release */ = {
			isa = XCBuildConfiguration;
			buildSettings = {
				ASSETCATALOG_COMPILER_APPICON_NAME = Index;
				ASSETCATALOG_COMPILER_GLOBAL_ACCENT_COLOR_NAME = AccentColor;
				ASSETCATALOG_COMPILER_INCLUDE_ALL_APPICON_ASSETS = NO;
				CODE_SIGN_ENTITLEMENTS = "Index/Supporting Files/Index.entitlements";
				"CODE_SIGN_IDENTITY[sdk=macosx*]" = "Apple Development";
				CODE_SIGN_STYLE = Automatic;
				COMBINE_HIDPI_IMAGES = YES;
				CURRENT_PROJECT_VERSION = 1;
				DEAD_CODE_STRIPPING = YES;
				DEVELOPMENT_ASSET_PATHS = "\"Index/Preview Content\"";
				DEVELOPMENT_TEAM = ZTW69M5NDR;
				ENABLE_APP_SANDBOX = YES;
				ENABLE_PREVIEWS = YES;
				ENABLE_USER_SELECTED_FILES = readwrite;
				INFOPLIST_FILE = "Index/Supporting Files/Info.plist";
				INFOPLIST_KEY_CFBundleDisplayName = Index;
				INFOPLIST_KEY_LSApplicationCategoryType = "public.app-category.developer-tools";
				LD_RUNPATH_SEARCH_PATHS = (
					"$(inherited)",
					"@executable_path/../Frameworks",
				);
				MACOSX_DEPLOYMENT_TARGET = 14.6;
				MARKETING_VERSION = 0.4;
				PRODUCT_BUNDLE_IDENTIFIER = app.index.Index;
				PRODUCT_NAME = "$(TARGET_NAME)";
				SWIFT_VERSION = 5.0;
			};
			name = Release;
		};
/* End XCBuildConfiguration section */

/* Begin XCConfigurationList section */
		775C9F732F2A42FB00849465 /* Build configuration list for PBXNativeTarget "SQLite" */ = {
			isa = XCConfigurationList;
			buildConfigurations = (
				775C9F742F2A42FB00849465 /* Debug */,
				775C9F752F2A42FB00849465 /* Release */,
			);
			defaultConfigurationIsVisible = 0;
			defaultConfigurationName = Release;
		};
		86DE4CF825ABAAAA00AEA5A5 /* Build configuration list for PBXProject "Index" */ = {
			isa = XCConfigurationList;
			buildConfigurations = (
				86DE4D0B25ABAAAC00AEA5A5 /* Debug */,
				86DE4D0C25ABAAAC00AEA5A5 /* Release */,
			);
			defaultConfigurationIsVisible = 0;
			defaultConfigurationName = Release;
		};
		86DE4D0D25ABAAAC00AEA5A5 /* Build configuration list for PBXNativeTarget "Index" */ = {
			isa = XCConfigurationList;
			buildConfigurations = (
				86DE4D0E25ABAAAC00AEA5A5 /* Debug */,
				86DE4D0F25ABAAAC00AEA5A5 /* Release */,
			);
			defaultConfigurationIsVisible = 0;
			defaultConfigurationName = Release;
		};
/* End XCConfigurationList section */

/* Begin XCRemoteSwiftPackageReference section */
		775C9F972F2A434F00849465 /* XCRemoteSwiftPackageReference "sql-kit" */ = {
			isa = XCRemoteSwiftPackageReference;
			repositoryURL = "https://github.com/vapor/sql-kit";
			requirement = {
				kind = upToNextMajorVersion;
				minimumVersion = 3.34.0;
			};
		};
		775C9F9D2F2A445A00849465 /* XCRemoteSwiftPackageReference "sqlite-kit" */ = {
			isa = XCRemoteSwiftPackageReference;
			repositoryURL = "https://github.com/vapor/sqlite-kit.git";
			requirement = {
				kind = upToNextMajorVersion;
				minimumVersion = 4.5.2;
			};
		};
/* End XCRemoteSwiftPackageReference section */

/* Begin XCSwiftPackageProductDependency section */
		775C9F9E2F2A445A00849465 /* SQLiteKit */ = {
			isa = XCSwiftPackageProductDependency;
			package = 775C9F9D2F2A445A00849465 /* XCRemoteSwiftPackageReference "sqlite-kit" */;
			productName = SQLiteKit;
		};
		775CA8462F2A4BE900849465 /* SQLKit */ = {
			isa = XCSwiftPackageProductDependency;
			package = 775C9F972F2A434F00849465 /* XCRemoteSwiftPackageReference "sql-kit" */;
			productName = SQLKit;
		};
/* End XCSwiftPackageProductDependency section */
	};
	rootObject = 86DE4CF525ABAAAA00AEA5A5 /* Project object */;
}
